// !$*UTF8*$!
{
	archiveVersion = 1;
	classes = {
	};
	objectVersion = 55;
	objects = {

/* Begin PBXBuildFile section */
		8452DD2128881FAC007E3413 /* NotificationManager.swift in Sources */ = {isa = PBXBuildFile; fileRef = 8452DD2028881FAC007E3413 /* NotificationManager.swift */; };
		8466AB57288456B60019DCAA /* SwiftLobbyChatApp.swift in Sources */ = {isa = PBXBuildFile; fileRef = 8466AB56288456B60019DCAA /* SwiftLobbyChatApp.swift */; };
		8466AB59288456B60019DCAA /* MainView.swift in Sources */ = {isa = PBXBuildFile; fileRef = 8466AB58288456B60019DCAA /* MainView.swift */; };
		8466AB5B288456B80019DCAA /* Assets.xcassets in Resources */ = {isa = PBXBuildFile; fileRef = 8466AB5A288456B80019DCAA /* Assets.xcassets */; };
		8466AB5E288456B80019DCAA /* Preview Assets.xcassets in Resources */ = {isa = PBXBuildFile; fileRef = 8466AB5D288456B80019DCAA /* Preview Assets.xcassets */; };
		8466AB66288456F30019DCAA /* SwiftLobbyClient in Frameworks */ = {isa = PBXBuildFile; productRef = 8466AB65288456F30019DCAA /* SwiftLobbyClient */; };
		8466AB6A2884575D0019DCAA /* ChatManager.swift in Sources */ = {isa = PBXBuildFile; fileRef = 8466AB692884575D0019DCAA /* ChatManager.swift */; };
		8466AB6C288457880019DCAA /* AppState.swift in Sources */ = {isa = PBXBuildFile; fileRef = 8466AB6B288457880019DCAA /* AppState.swift */; };
		8466AB70288498F00019DCAA /* ChatMessageView.swift in Sources */ = {isa = PBXBuildFile; fileRef = 8466AB6F288498F00019DCAA /* ChatMessageView.swift */; };
		8466AB72288499640019DCAA /* ChatView.swift in Sources */ = {isa = PBXBuildFile; fileRef = 8466AB71288499640019DCAA /* ChatView.swift */; };
		8466AB7428849BAF0019DCAA /* ChatMessage.swift in Sources */ = {isa = PBXBuildFile; fileRef = 8466AB7328849BAF0019DCAA /* ChatMessage.swift */; };
		84CB4C452898A0A4005687B2 /* LobbyConfigView.swift in Sources */ = {isa = PBXBuildFile; fileRef = 84CB4C442898A0A4005687B2 /* LobbyConfigView.swift */; };
/* End PBXBuildFile section */

/* Begin PBXFileReference section */
		8452DD2028881FAC007E3413 /* NotificationManager.swift */ = {isa = PBXFileReference; lastKnownFileType = sourcecode.swift; path = NotificationManager.swift; sourceTree = "<group>"; };
		8466AB53288456B60019DCAA /* SwiftLobbyChat.app */ = {isa = PBXFileReference; explicitFileType = wrapper.application; includeInIndex = 0; path = SwiftLobbyChat.app; sourceTree = BUILT_PRODUCTS_DIR; };
		8466AB56288456B60019DCAA /* SwiftLobbyChatApp.swift */ = {isa = PBXFileReference; lastKnownFileType = sourcecode.swift; path = SwiftLobbyChatApp.swift; sourceTree = "<group>"; };
		8466AB58288456B60019DCAA /* MainView.swift */ = {isa = PBXFileReference; lastKnownFileType = sourcecode.swift; path = MainView.swift; sourceTree = "<group>"; };
		8466AB5A288456B80019DCAA /* Assets.xcassets */ = {isa = PBXFileReference; lastKnownFileType = folder.assetcatalog; path = Assets.xcassets; sourceTree = "<group>"; };
		8466AB5D288456B80019DCAA /* Preview Assets.xcassets */ = {isa = PBXFileReference; lastKnownFileType = folder.assetcatalog; path = "Preview Assets.xcassets"; sourceTree = "<group>"; };
		8466AB67288456FE0019DCAA /* SwiftLobbyChat.entitlements */ = {isa = PBXFileReference; lastKnownFileType = text.plist.entitlements; path = SwiftLobbyChat.entitlements; sourceTree = "<group>"; };
		8466AB692884575D0019DCAA /* ChatManager.swift */ = {isa = PBXFileReference; lastKnownFileType = sourcecode.swift; path = ChatManager.swift; sourceTree = "<group>"; };
		8466AB6B288457880019DCAA /* AppState.swift */ = {isa = PBXFileReference; lastKnownFileType = sourcecode.swift; path = AppState.swift; sourceTree = "<group>"; };
		8466AB6F288498F00019DCAA /* ChatMessageView.swift */ = {isa = PBXFileReference; lastKnownFileType = sourcecode.swift; path = ChatMessageView.swift; sourceTree = "<group>"; };
		8466AB71288499640019DCAA /* ChatView.swift */ = {isa = PBXFileReference; lastKnownFileType = sourcecode.swift; path = ChatView.swift; sourceTree = "<group>"; };
		8466AB7328849BAF0019DCAA /* ChatMessage.swift */ = {isa = PBXFileReference; lastKnownFileType = sourcecode.swift; path = ChatMessage.swift; sourceTree = "<group>"; };
		84CB4C442898A0A4005687B2 /* LobbyConfigView.swift */ = {isa = PBXFileReference; lastKnownFileType = sourcecode.swift; path = LobbyConfigView.swift; sourceTree = "<group>"; };
/* End PBXFileReference section */

/* Begin PBXFrameworksBuildPhase section */
		8466AB50288456B60019DCAA /* Frameworks */ = {
			isa = PBXFrameworksBuildPhase;
			buildActionMask = 2147483647;
			files = (
				8466AB66288456F30019DCAA /* SwiftLobbyClient in Frameworks */,
			);
			runOnlyForDeploymentPostprocessing = 0;
		};
/* End PBXFrameworksBuildPhase section */

/* Begin PBXGroup section */
		8466AB4A288456B60019DCAA = {
			isa = PBXGroup;
			children = (
				8466AB55288456B60019DCAA /* SwiftLobbyChat */,
				8466AB54288456B60019DCAA /* Products */,
			);
			sourceTree = "<group>";
		};
		8466AB54288456B60019DCAA /* Products */ = {
			isa = PBXGroup;
			children = (
				8466AB53288456B60019DCAA /* SwiftLobbyChat.app */,
			);
			name = Products;
			sourceTree = "<group>";
		};
		8466AB55288456B60019DCAA /* SwiftLobbyChat */ = {
			isa = PBXGroup;
			children = (
				8466AB5A288456B80019DCAA /* Assets.xcassets */,
				8466AB67288456FE0019DCAA /* SwiftLobbyChat.entitlements */,
				8466AB56288456B60019DCAA /* SwiftLobbyChatApp.swift */,
				8466AB6E288498D90019DCAA /* Chat Views */,
				84CB4C462898A368005687B2 /* Settings UI */,
				8466AB5C288456B80019DCAA /* Preview Content */,
				8466AB6B288457880019DCAA /* AppState.swift */,
				8466AB7328849BAF0019DCAA /* ChatMessage.swift */,
				8466AB692884575D0019DCAA /* ChatManager.swift */,
				8452DD2028881FAC007E3413 /* NotificationManager.swift */,
			);
			path = SwiftLobbyChat;
			sourceTree = "<group>";
		};
		8466AB5C288456B80019DCAA /* Preview Content */ = {
			isa = PBXGroup;
			children = (
				8466AB5D288456B80019DCAA /* Preview Assets.xcassets */,
			);
			path = "Preview Content";
			sourceTree = "<group>";
		};
		8466AB6E288498D90019DCAA /* Chat Views */ = {
			isa = PBXGroup;
			children = (
				8466AB58288456B60019DCAA /* MainView.swift */,
				8466AB71288499640019DCAA /* ChatView.swift */,
				8466AB6F288498F00019DCAA /* ChatMessageView.swift */,
			);
			path = "Chat Views";
			sourceTree = "<group>";
		};
		84CB4C462898A368005687B2 /* Settings UI */ = {
			isa = PBXGroup;
			children = (
				84CB4C442898A0A4005687B2 /* LobbyConfigView.swift */,
			);
			path = "Settings UI";
			sourceTree = "<group>";
		};
/* End PBXGroup section */

/* Begin PBXNativeTarget section */
		8466AB52288456B60019DCAA /* SwiftLobbyChat */ = {
			isa = PBXNativeTarget;
			buildConfigurationList = 8466AB61288456B80019DCAA /* Build configuration list for PBXNativeTarget "SwiftLobbyChat" */;
			buildPhases = (
				8466AB4F288456B60019DCAA /* Sources */,
				8466AB50288456B60019DCAA /* Frameworks */,
				8466AB51288456B60019DCAA /* Resources */,
			);
			buildRules = (
			);
			dependencies = (
			);
			name = SwiftLobbyChat;
			packageProductDependencies = (
				8466AB65288456F30019DCAA /* SwiftLobbyClient */,
			);
			productName = SwiftLobbyChat;
			productReference = 8466AB53288456B60019DCAA /* SwiftLobbyChat.app */;
			productType = "com.apple.product-type.application";
		};
/* End PBXNativeTarget section */

/* Begin PBXProject section */
		8466AB4B288456B60019DCAA /* Project object */ = {
			isa = PBXProject;
			attributes = {
				BuildIndependentTargetsInParallel = 1;
				LastSwiftUpdateCheck = 1340;
				LastUpgradeCheck = 1340;
				TargetAttributes = {
					8466AB52288456B60019DCAA = {
						CreatedOnToolsVersion = 13.4.1;
					};
				};
			};
			buildConfigurationList = 8466AB4E288456B60019DCAA /* Build configuration list for PBXProject "SwiftLobbyChat" */;
			compatibilityVersion = "Xcode 13.0";
			developmentRegion = en;
			hasScannedForEncodings = 0;
			knownRegions = (
				en,
				Base,
			);
			mainGroup = 8466AB4A288456B60019DCAA;
			packageReferences = (
				8466AB64288456F30019DCAA /* XCRemoteSwiftPackageReference "swift-lobby-client" */,
			);
			productRefGroup = 8466AB54288456B60019DCAA /* Products */;
			projectDirPath = "";
			projectRoot = "";
			targets = (
				8466AB52288456B60019DCAA /* SwiftLobbyChat */,
			);
		};
/* End PBXProject section */

/* Begin PBXResourcesBuildPhase section */
		8466AB51288456B60019DCAA /* Resources */ = {
			isa = PBXResourcesBuildPhase;
			buildActionMask = 2147483647;
			files = (
				8466AB5E288456B80019DCAA /* Preview Assets.xcassets in Resources */,
				8466AB5B288456B80019DCAA /* Assets.xcassets in Resources */,
			);
			runOnlyForDeploymentPostprocessing = 0;
		};
/* End PBXResourcesBuildPhase section */

/* Begin PBXSourcesBuildPhase section */
		8466AB4F288456B60019DCAA /* Sources */ = {
			isa = PBXSourcesBuildPhase;
			buildActionMask = 2147483647;
			files = (
				8466AB7428849BAF0019DCAA /* ChatMessage.swift in Sources */,
				8466AB70288498F00019DCAA /* ChatMessageView.swift in Sources */,
				8466AB6A2884575D0019DCAA /* ChatManager.swift in Sources */,
				8466AB59288456B60019DCAA /* MainView.swift in Sources */,
				8466AB57288456B60019DCAA /* SwiftLobbyChatApp.swift in Sources */,
				8466AB72288499640019DCAA /* ChatView.swift in Sources */,
				84CB4C452898A0A4005687B2 /* LobbyConfigView.swift in Sources */,
				8452DD2128881FAC007E3413 /* NotificationManager.swift in Sources */,
				8466AB6C288457880019DCAA /* AppState.swift in Sources */,
			);
			runOnlyForDeploymentPostprocessing = 0;
		};
/* End PBXSourcesBuildPhase section */

/* Begin XCBuildConfiguration section */
		8466AB5F288456B80019DCAA /* Debug */ = {
			isa = XCBuildConfiguration;
			buildSettings = {
				ALWAYS_SEARCH_USER_PATHS = NO;
				CLANG_ANALYZER_NONNULL = YES;
				CLANG_ANALYZER_NUMBER_OBJECT_CONVERSION = YES_AGGRESSIVE;
				CLANG_CXX_LANGUAGE_STANDARD = "gnu++17";
				CLANG_ENABLE_MODULES = YES;
				CLANG_ENABLE_OBJC_ARC = YES;
				CLANG_ENABLE_OBJC_WEAK = YES;
				CLANG_WARN_BLOCK_CAPTURE_AUTORELEASING = YES;
				CLANG_WARN_BOOL_CONVERSION = YES;
				CLANG_WARN_COMMA = YES;
				CLANG_WARN_CONSTANT_CONVERSION = YES;
				CLANG_WARN_DEPRECATED_OBJC_IMPLEMENTATIONS = YES;
				CLANG_WARN_DIRECT_OBJC_ISA_USAGE = YES_ERROR;
				CLANG_WARN_DOCUMENTATION_COMMENTS = YES;
				CLANG_WARN_EMPTY_BODY = YES;
				CLANG_WARN_ENUM_CONVERSION = YES;
				CLANG_WARN_INFINITE_RECURSION = YES;
				CLANG_WARN_INT_CONVERSION = YES;
				CLANG_WARN_NON_LITERAL_NULL_CONVERSION = YES;
				CLANG_WARN_OBJC_IMPLICIT_RETAIN_SELF = YES;
				CLANG_WARN_OBJC_LITERAL_CONVERSION = YES;
				CLANG_WARN_OBJC_ROOT_CLASS = YES_ERROR;
				CLANG_WARN_QUOTED_INCLUDE_IN_FRAMEWORK_HEADER = YES;
				CLANG_WARN_RANGE_LOOP_ANALYSIS = YES;
				CLANG_WARN_STRICT_PROTOTYPES = YES;
				CLANG_WARN_SUSPICIOUS_MOVE = YES;
				CLANG_WARN_UNGUARDED_AVAILABILITY = YES_AGGRESSIVE;
				CLANG_WARN_UNREACHABLE_CODE = YES;
				CLANG_WARN__DUPLICATE_METHOD_MATCH = YES;
				COPY_PHASE_STRIP = NO;
				DEBUG_INFORMATION_FORMAT = dwarf;
				ENABLE_STRICT_OBJC_MSGSEND = YES;
				ENABLE_TESTABILITY = YES;
				GCC_C_LANGUAGE_STANDARD = gnu11;
				GCC_DYNAMIC_NO_PIC = NO;
				GCC_NO_COMMON_BLOCKS = YES;
				GCC_OPTIMIZATION_LEVEL = 0;
				GCC_PREPROCESSOR_DEFINITIONS = (
					"DEBUG=1",
					"$(inherited)",
				);
				GCC_WARN_64_TO_32_BIT_CONVERSION = YES;
				GCC_WARN_ABOUT_RETURN_TYPE = YES_ERROR;
				GCC_WARN_UNDECLARED_SELECTOR = YES;
				GCC_WARN_UNINITIALIZED_AUTOS = YES_AGGRESSIVE;
				GCC_WARN_UNUSED_FUNCTION = YES;
				GCC_WARN_UNUSED_VARIABLE = YES;
				IPHONEOS_DEPLOYMENT_TARGET = 15.5;
				MTL_ENABLE_DEBUG_INFO = INCLUDE_SOURCE;
				MTL_FAST_MATH = YES;
				ONLY_ACTIVE_ARCH = YES;
				SDKROOT = iphoneos;
				SWIFT_ACTIVE_COMPILATION_CONDITIONS = DEBUG;
				SWIFT_OPTIMIZATION_LEVEL = "-Onone";
			};
			name = Debug;
		};
		8466AB60288456B80019DCAA /* Release */ = {
			isa = XCBuildConfiguration;
			buildSettings = {
				ALWAYS_SEARCH_USER_PATHS = NO;
				CLANG_ANALYZER_NONNULL = YES;
				CLANG_ANALYZER_NUMBER_OBJECT_CONVERSION = YES_AGGRESSIVE;
				CLANG_CXX_LANGUAGE_STANDARD = "gnu++17";
				CLANG_ENABLE_MODULES = YES;
				CLANG_ENABLE_OBJC_ARC = YES;
				CLANG_ENABLE_OBJC_WEAK = YES;
				CLANG_WARN_BLOCK_CAPTURE_AUTORELEASING = YES;
				CLANG_WARN_BOOL_CONVERSION = YES;
				CLANG_WARN_COMMA = YES;
				CLANG_WARN_CONSTANT_CONVERSION = YES;
				CLANG_WARN_DEPRECATED_OBJC_IMPLEMENTATIONS = YES;
				CLANG_WARN_DIRECT_OBJC_ISA_USAGE = YES_ERROR;
				CLANG_WARN_DOCUMENTATION_COMMENTS = YES;
				CLANG_WARN_EMPTY_BODY = YES;
				CLANG_WARN_ENUM_CONVERSION = YES;
				CLANG_WARN_INFINITE_RECURSION = YES;
				CLANG_WARN_INT_CONVERSION = YES;
				CLANG_WARN_NON_LITERAL_NULL_CONVERSION = YES;
				CLANG_WARN_OBJC_IMPLICIT_RETAIN_SELF = YES;
				CLANG_WARN_OBJC_LITERAL_CONVERSION = YES;
				CLANG_WARN_OBJC_ROOT_CLASS = YES_ERROR;
				CLANG_WARN_QUOTED_INCLUDE_IN_FRAMEWORK_HEADER = YES;
				CLANG_WARN_RANGE_LOOP_ANALYSIS = YES;
				CLANG_WARN_STRICT_PROTOTYPES = YES;
				CLANG_WARN_SUSPICIOUS_MOVE = YES;
				CLANG_WARN_UNGUARDED_AVAILABILITY = YES_AGGRESSIVE;
				CLANG_WARN_UNREACHABLE_CODE = YES;
				CLANG_WARN__DUPLICATE_METHOD_MATCH = YES;
				COPY_PHASE_STRIP = NO;
				DEBUG_INFORMATION_FORMAT = "dwarf-with-dsym";
				ENABLE_NS_ASSERTIONS = NO;
				ENABLE_STRICT_OBJC_MSGSEND = YES;
				GCC_C_LANGUAGE_STANDARD = gnu11;
				GCC_NO_COMMON_BLOCKS = YES;
				GCC_WARN_64_TO_32_BIT_CONVERSION = YES;
				GCC_WARN_ABOUT_RETURN_TYPE = YES_ERROR;
				GCC_WARN_UNDECLARED_SELECTOR = YES;
				GCC_WARN_UNINITIALIZED_AUTOS = YES_AGGRESSIVE;
				GCC_WARN_UNUSED_FUNCTION = YES;
				GCC_WARN_UNUSED_VARIABLE = YES;
				IPHONEOS_DEPLOYMENT_TARGET = 15.5;
				MTL_ENABLE_DEBUG_INFO = NO;
				MTL_FAST_MATH = YES;
				SDKROOT = iphoneos;
				SWIFT_COMPILATION_MODE = wholemodule;
				SWIFT_OPTIMIZATION_LEVEL = "-O";
				VALIDATE_PRODUCT = YES;
			};
			name = Release;
		};
		8466AB62288456B80019DCAA /* Debug */ = {
			isa = XCBuildConfiguration;
			buildSettings = {
				ASSETCATALOG_COMPILER_APPICON_NAME = AppIcon;
				ASSETCATALOG_COMPILER_GLOBAL_ACCENT_COLOR_NAME = AccentColor;
				CODE_SIGN_ENTITLEMENTS = SwiftLobbyChat/SwiftLobbyChat.entitlements;
				CODE_SIGN_STYLE = Automatic;
				CURRENT_PROJECT_VERSION = 1;
				DEVELOPMENT_ASSET_PATHS = "\"SwiftLobbyChat/Preview Content\"";
				DEVELOPMENT_TEAM = FN4Q2985YR;
				ENABLE_PREVIEWS = YES;
				GENERATE_INFOPLIST_FILE = YES;
				INFOPLIST_KEY_UIApplicationSceneManifest_Generation = YES;
				INFOPLIST_KEY_UIApplicationSupportsIndirectInputEvents = YES;
				INFOPLIST_KEY_UILaunchScreen_Generation = YES;
				INFOPLIST_KEY_UISupportedInterfaceOrientations_iPad = "UIInterfaceOrientationPortrait UIInterfaceOrientationPortraitUpsideDown UIInterfaceOrientationLandscapeLeft UIInterfaceOrientationLandscapeRight";
				INFOPLIST_KEY_UISupportedInterfaceOrientations_iPhone = "UIInterfaceOrientationPortrait UIInterfaceOrientationLandscapeLeft UIInterfaceOrientationLandscapeRight";
				LD_RUNPATH_SEARCH_PATHS = (
					"$(inherited)",
					"@executable_path/Frameworks",
				);
				MARKETING_VERSION = 1.0;
				PRODUCT_BUNDLE_IDENTIFIER = com.falldaysoftware.SwiftLobbyChat;
				PRODUCT_NAME = "$(TARGET_NAME)";
				SUPPORTS_MACCATALYST = YES;
				SUPPORTS_MAC_DESIGNED_FOR_IPHONE_IPAD = NO;
				SWIFT_EMIT_LOC_STRINGS = YES;
				SWIFT_VERSION = 5.0;
				TARGETED_DEVICE_FAMILY = "1,2,6";
			};
			name = Debug;
		};
		8466AB63288456B80019DCAA /* Release */ = {
			isa = XCBuildConfiguration;
			buildSettings = {
				ASSETCATALOG_COMPILER_APPICON_NAME = AppIcon;
				ASSETCATALOG_COMPILER_GLOBAL_ACCENT_COLOR_NAME = AccentColor;
				CODE_SIGN_ENTITLEMENTS = SwiftLobbyChat/SwiftLobbyChat.entitlements;
				CODE_SIGN_STYLE = Automatic;
				CURRENT_PROJECT_VERSION = 1;
				DEVELOPMENT_ASSET_PATHS = "\"SwiftLobbyChat/Preview Content\"";
				DEVELOPMENT_TEAM = FN4Q2985YR;
				ENABLE_PREVIEWS = YES;
				GENERATE_INFOPLIST_FILE = YES;
				INFOPLIST_KEY_UIApplicationSceneManifest_Generation = YES;
				INFOPLIST_KEY_UIApplicationSupportsIndirectInputEvents = YES;
				INFOPLIST_KEY_UILaunchScreen_Generation = YES;
				INFOPLIST_KEY_UISupportedInterfaceOrientations_iPad = "UIInterfaceOrientationPortrait UIInterfaceOrientationPortraitUpsideDown UIInterfaceOrientationLandscapeLeft UIInterfaceOrientationLandscapeRight";
				INFOPLIST_KEY_UISupportedInterfaceOrientations_iPhone = "UIInterfaceOrientationPortrait UIInterfaceOrientationLandscapeLeft UIInterfaceOrientationLandscapeRight";
				LD_RUNPATH_SEARCH_PATHS = (
					"$(inherited)",
					"@executable_path/Frameworks",
				);
				MARKETING_VERSION = 1.0;
				PRODUCT_BUNDLE_IDENTIFIER = com.falldaysoftware.SwiftLobbyChat;
				PRODUCT_NAME = "$(TARGET_NAME)";
				SUPPORTS_MACCATALYST = YES;
				SUPPORTS_MAC_DESIGNED_FOR_IPHONE_IPAD = NO;
				SWIFT_EMIT_LOC_STRINGS = YES;
				SWIFT_VERSION = 5.0;
				TARGETED_DEVICE_FAMILY = "1,2,6";
			};
			name = Release;
		};
/* End XCBuildConfiguration section */

/* Begin XCConfigurationList section */
		8466AB4E288456B60019DCAA /* Build configuration list for PBXProject "SwiftLobbyChat" */ = {
			isa = XCConfigurationList;
			buildConfigurations = (
				8466AB5F288456B80019DCAA /* Debug */,
				8466AB60288456B80019DCAA /* Release */,
			);
			defaultConfigurationIsVisible = 0;
			defaultConfigurationName = Release;
		};
		8466AB61288456B80019DCAA /* Build configuration list for PBXNativeTarget "SwiftLobbyChat" */ = {
			isa = XCConfigurationList;
			buildConfigurations = (
				8466AB62288456B80019DCAA /* Debug */,
				8466AB63288456B80019DCAA /* Release */,
			);
			defaultConfigurationIsVisible = 0;
			defaultConfigurationName = Release;
		};
/* End XCConfigurationList section */

/* Begin XCRemoteSwiftPackageReference section */
		8466AB64288456F30019DCAA /* XCRemoteSwiftPackageReference "swift-lobby-client" */ = {
			isa = XCRemoteSwiftPackageReference;
			repositoryURL = "https://github.com/falldaysoft/swift-lobby-client";
			requirement = {
				branch = main;
				kind = branch;
			};
		};
/* End XCRemoteSwiftPackageReference section */

/* Begin XCSwiftPackageProductDependency section */
		8466AB65288456F30019DCAA /* SwiftLobbyClient */ = {
			isa = XCSwiftPackageProductDependency;
			package = 8466AB64288456F30019DCAA /* XCRemoteSwiftPackageReference "swift-lobby-client" */;
			productName = SwiftLobbyClient;
		};
/* End XCSwiftPackageProductDependency section */
	};
	rootObject = 8466AB4B288456B60019DCAA /* Project object */;
}
